
Microsoft Visual Studio Solution File, Format Version 12.00
# Visual Studio 15
VisualStudioVersion = 15.0.27004.2006
MinimumVisualStudioVersion = 10.0.40219.1
Project("{FAE04EC0-301F-11D3-BF4B-00C04F79EFBC}") = "BMap.NET", "BMap.NET\BMap.NET.csproj", "{AFFEB71C-54B6-4A9B-A445-BB287EDBAC19}"
EndProject
Project("{FAE04EC0-301F-11D3-BF4B-00C04F79EFBC}") = "BMap.NET.WindowsForm", "BMap.NET.WindowsForm\BMap.NET.WindowsForm.csproj", "{1B32D6FD-3C74-40DC-9D43-102B19D40785}"
EndProject
Project("{FAE04EC0-301F-11D3-BF4B-00C04F79EFBC}") = "SunPhotometer", "SunPhotometer\SunPhotometer.csproj", "{5ABEA90A-EDE2-43B2-89AF-88D003A83296}"
EndProject
Global
	GlobalSection(SolutionConfigurationPlatforms) = preSolution
		Debug|Any CPU = Debug|Any CPU
		Release|Any CPU = Release|Any CPU
	EndGlobalSection
	GlobalSection(ProjectConfigurationPlatforms) = postSolution
		{AFFEB71C-54B6-4A9B-A445-BB287EDBAC19}.Debug|Any CPU.ActiveCfg = Debug|Any CPU
		{AFFEB71C-54B6-4A9B-A445-BB287EDBAC19}.Debug|Any CPU.Build.0 = Debug|Any CPU
		{AFFEB71C-54B6-4A9B-A445-BB287EDBAC19}.Release|Any CPU.ActiveCfg = Release|Any CPU
		{AFFEB71C-54B6-4A9B-A445-BB287EDBAC19}.Release|Any CPU.Build.0 = Release|Any CPU
		{1B32D6FD-3C74-40DC-9D43-102B19D40785}.Debug|Any CPU.ActiveCfg = Debug|Any CPU
		{1B32D6FD-3C74-40DC-9D43-102B19D40785}.Debug|Any CPU.Build.0 = Debug|Any CPU
		{1B32D6FD-3C74-40DC-9D43-102B19D40785}.Release|Any CPU.ActiveCfg = Release|Any CPU
		{1B32D6FD-3C74-40DC-9D43-102B19D40785}.Release|Any CPU.Build.0 = Release|Any CPU
		{5ABEA90A-EDE2-43B2-89AF-88D003A83296}.Debug|Any CPU.ActiveCfg = Debug|Any CPU
		{5ABEA90A-EDE2-43B2-89AF-88D003A83296}.Debug|Any CPU.Build.0 = Debug|Any CPU
		{5ABEA90A-EDE2-43B2-89AF-88D003A83296}.Release|Any CPU.ActiveCfg = Release|Any CPU
		{5ABEA90A-EDE2-43B2-89AF-88D003A83296}.Release|Any CPU.Build.0 = Release|Any CPU
	EndGlobalSection
	GlobalSection(SolutionProperties) = preSolution
		HideSolutionNode = FALSE
	EndGlobalSection
	GlobalSection(ExtensibilityGlobals) = postSolution
		SolutionGuid = {6862450D-1DAB-47FE-B36F-F9C31BE1165E}
	EndGlobalSection
EndGlobal
